
Microsoft Visual Studio Solution File, Format Version 11.00
# Visual Studio 2010
Project("{FAE04EC0-301F-11D3-BF4B-00C04F79EFBC}") = "DotNetDocSamples", "DotNetDocSamples\DotNetDocSamples.csproj", "{3B95502C-E481-4A31-B1BC-D432D72A4562}"
EndProject
Project("{FAE04EC0-301F-11D3-BF4B-00C04F79EFBC}") = "DotNetSampleRunner", "DotNetSampleRunner\DotNetSampleRunner.csproj", "{73454E02-3B6E-4E36-AB7F-82499C57AAA8}"
EndProject
Project("{FAE04EC0-301F-11D3-BF4B-00C04F79EFBC}") = "HelloDFS", "HelloDFS\HelloDFS.csproj", "{7C54A058-6637-4419-B791-221CF37BEF40}"
EndProject
Global
	GlobalSection(SubversionScc) = preSolution
		Svn-Managed = True
		Manager = AnkhSVN - Subversion Support for Visual Studio
	EndGlobalSection
	GlobalSection(SolutionConfigurationPlatforms) = preSolution
		Debug|Any CPU = Debug|Any CPU
		Release|Any CPU = Release|Any CPU
	EndGlobalSection
	GlobalSection(ProjectConfigurationPlatforms) = postSolution
		{3B95502C-E481-4A31-B1BC-D432D72A4562}.Debug|Any CPU.ActiveCfg = Debug|Any CPU
		{3B95502C-E481-4A31-B1BC-D432D72A4562}.Debug|Any CPU.Build.0 = Debug|Any CPU
		{3B95502C-E481-4A31-B1BC-D432D72A4562}.Release|Any CPU.ActiveCfg = Release|Any CPU
		{3B95502C-E481-4A31-B1BC-D432D72A4562}.Release|Any CPU.Build.0 = Release|Any CPU
		{73454E02-3B6E-4E36-AB7F-82499C57AAA8}.Debug|Any CPU.ActiveCfg = Debug|Any CPU
		{73454E02-3B6E-4E36-AB7F-82499C57AAA8}.Debug|Any CPU.Build.0 = Debug|Any CPU
		{73454E02-3B6E-4E36-AB7F-82499C57AAA8}.Release|Any CPU.ActiveCfg = Release|Any CPU
		{73454E02-3B6E-4E36-AB7F-82499C57AAA8}.Release|Any CPU.Build.0 = Release|Any CPU
		{7C54A058-6637-4419-B791-221CF37BEF40}.Debug|Any CPU.ActiveCfg = Debug|Any CPU
		{7C54A058-6637-4419-B791-221CF37BEF40}.Debug|Any CPU.Build.0 = Debug|Any CPU
		{7C54A058-6637-4419-B791-221CF37BEF40}.Release|Any CPU.ActiveCfg = Release|Any CPU
		{7C54A058-6637-4419-B791-221CF37BEF40}.Release|Any CPU.Build.0 = Release|Any CPU
	EndGlobalSection
	GlobalSection(SolutionProperties) = preSolution
		HideSolutionNode = FALSE
	EndGlobalSection
EndGlobal
